
Microsoft Visual Studio Solution File, Format Version 12.00
# Visual Studio Version 17
VisualStudioVersion = 17.9.34622.214
MinimumVisualStudioVersion = 10.0.40219.1
Project("{FAE04EC0-301F-11D3-BF4B-00C04F79EFBC}") = "Circustrein", "Circustrein.csproj", "{0DC896FC-F756-45D1-891D-4F6E1EFDCAAB}"
EndProject
Global
	GlobalSection(SolutionConfigurationPlatforms) = preSolution
		Debug|Any CPU = Debug|Any CPU
		Release|Any CPU = Release|Any CPU
	EndGlobalSection
	GlobalSection(ProjectConfigurationPlatforms) = postSolution
		{0DC896FC-F756-45D1-891D-4F6E1EFDCAAB}.Debug|Any CPU.ActiveCfg = Debug|Any CPU
		{0DC896FC-F756-45D1-891D-4F6E1EFDCAAB}.Debug|Any CPU.Build.0 = Debug|Any CPU
		{0DC896FC-F756-45D1-891D-4F6E1EFDCAAB}.Release|Any CPU.ActiveCfg = Release|Any CPU
		{0DC896FC-F756-45D1-891D-4F6E1EFDCAAB}.Release|Any CPU.Build.0 = Release|Any CPU
	EndGlobalSection
	GlobalSection(SolutionProperties) = preSolution
		HideSolutionNode = FALSE
	EndGlobalSection
	GlobalSection(ExtensibilityGlobals) = postSolution
		SolutionGuid = {B68BC582-610D-4A9E-BFF3-9977D9F3C951}
	EndGlobalSection
EndGlobal
